
Microsoft Visual Studio Solution File, Format Version 12.00
# Visual Studio Version 16
VisualStudioVersion = 16.0.30413.136
MinimumVisualStudioVersion = 10.0.40219.1
Project("{9A19103F-16F7-4668-BE54-9A1E7A4F7556}") = "BlazorApp1", "BlazorApp1.csproj", "{19719581-535E-40D9-9643-00999633F8E2}"
EndProject
Global
	GlobalSection(SolutionConfigurationPlatforms) = preSolution
		Debug|Any CPU = Debug|Any CPU
		Release|Any CPU = Release|Any CPU
	EndGlobalSection
	GlobalSection(ProjectConfigurationPlatforms) = postSolution
		{19719581-535E-40D9-9643-00999633F8E2}.Debug|Any CPU.ActiveCfg = Debug|Any CPU
		{19719581-535E-40D9-9643-00999633F8E2}.Debug|Any CPU.Build.0 = Debug|Any CPU
		{19719581-535E-40D9-9643-00999633F8E2}.Release|Any CPU.ActiveCfg = Release|Any CPU
		{19719581-535E-40D9-9643-00999633F8E2}.Release|Any CPU.Build.0 = Release|Any CPU
	EndGlobalSection
	GlobalSection(SolutionProperties) = preSolution
		HideSolutionNode = FALSE
	EndGlobalSection
	GlobalSection(ExtensibilityGlobals) = postSolution
		SolutionGuid = {9BE2CE7D-0DC2-471B-AB6E-5124B0A5BC92}
	EndGlobalSection
EndGlobal
